
Microsoft Visual Studio Solution File, Format Version 12.00
# Visual Studio Version 17
VisualStudioVersion = 17.8.34112.27
MinimumVisualStudioVersion = 10.0.40219.1
Project("{FAE04EC0-301F-11D3-BF4B-00C04F79EFBC}") = "PaddingOracle", "PaddingOracle\PaddingOracle.csproj", "{AB548F29-99C8-4959-81B6-01D418C898FC}"
EndProject
Global
	GlobalSection(SolutionConfigurationPlatforms) = preSolution
		Debug|Any CPU = Debug|Any CPU
		Release|Any CPU = Release|Any CPU
	EndGlobalSection
	GlobalSection(ProjectConfigurationPlatforms) = postSolution
		{AB548F29-99C8-4959-81B6-01D418C898FC}.Debug|Any CPU.ActiveCfg = Debug|Any CPU
		{AB548F29-99C8-4959-81B6-01D418C898FC}.Debug|Any CPU.Build.0 = Debug|Any CPU
		{AB548F29-99C8-4959-81B6-01D418C898FC}.Release|Any CPU.ActiveCfg = Release|Any CPU
		{AB548F29-99C8-4959-81B6-01D418C898FC}.Release|Any CPU.Build.0 = Release|Any CPU
	EndGlobalSection
	GlobalSection(SolutionProperties) = preSolution
		HideSolutionNode = FALSE
	EndGlobalSection
	GlobalSection(ExtensibilityGlobals) = postSolution
		SolutionGuid = {E0B630BF-68E0-4352-A858-2E5761A9BFA6}
	EndGlobalSection
EndGlobal
